
Microsoft Visual Studio Solution File, Format Version 12.00
# Visual Studio 14
VisualStudioVersion = 14.0.23107.0
MinimumVisualStudioVersion = 10.0.40219.1
Project("{2150E333-8FDC-42A3-9474-1A3956D46DE8}") = "Solution Items", "Solution Items", "{748F8B9C-C966-4E09-AEAB-09C741F119F4}"
	ProjectSection(SolutionItems) = preProject
		CeMaS.AssemblyInfo.cs = CeMaS.AssemblyInfo.cs
		Common.AssemblyInfo.cs = Common.AssemblyInfo.cs
		SenseLab.AssemblyInfo.cs = SenseLab.AssemblyInfo.cs
		SenseLab.png = SenseLab.png
	EndProjectSection
EndProject
Project("{FAE04EC0-301F-11D3-BF4B-00C04F79EFBC}") = "SenseLab.Common", "SenseLab.Common\SenseLab.Common.csproj", "{AA8DDA4F-247F-401E-81B1-0FB2B67C4C7D}"
EndProject
Project("{FAE04EC0-301F-11D3-BF4B-00C04F79EFBC}") = "CeMaS.Common", "CeMaS.Common\CeMaS.Common.csproj", "{AEA05548-AFF2-4594-A1FD-088AF891EFC1}"
EndProject
Project("{FAE04EC0-301F-11D3-BF4B-00C04F79EFBC}") = "SenseLab.Pwm", "SenseLab.Pwm\SenseLab.Pwm.csproj", "{F1A72C88-EF75-43F6-968D-127D1750AC41}"
EndProject
Project("{2150E333-8FDC-42A3-9474-1A3956D46DE8}") = "AllJoyn", "AllJoyn", "{569C38B4-025E-4543-9F95-69C66B9676C6}"
EndProject
Project("{2150E333-8FDC-42A3-9474-1A3956D46DE8}") = "Device System Bridge", "Device System Bridge", "{E09CC2EE-2B3F-48F1-B094-014B1B04A47E}"
EndProject
Project("{8BC9CEB8-8B4A-11D0-8D11-00A0C91BC942}") = "Common", "AllJoyn.Dsb\Platform\Common\Common.vcxproj", "{4D445253-3BBA-455D-B324-ECE00D4FE480}"
EndProject
Project("{8BC9CEB8-8B4A-11D0-8D11-00A0C91BC942}") = "BridgeRT", "AllJoyn.Dsb\Platform\BridgeRT\BridgeRT.vcxproj", "{2783A617-8E1D-40D1-9684-DFAEB8DD5406}"
EndProject
Project("{8BC9CEB8-8B4A-11D0-8D11-00A0C91BC942}") = "DeviceProviders", "AllJoyn.Dsb\Platform\DeviceProviders\DeviceProviders.vcxproj", "{46C8DEBE-21E9-401A-95C4-354AB2C06445}"
EndProject
Project("{FAE04EC0-301F-11D3-BF4B-00C04F79EFBC}") = "SenseLab.AllJoyn", "SenseLab.AllJoyn\SenseLab.AllJoyn.csproj", "{76FEC2C2-EDBA-4BEC-8DCB-6253DDFDE585}"
EndProject
Project("{8BC9CEB8-8B4A-11D0-8D11-00A0C91BC942}") = "com.example.SampleInterface", "com.example.SampleInterface\com.example.SampleInterface.vcxproj", "{44F90642-0773-4B91-840E-E8F7599CF637}"
EndProject
Global
	GlobalSection(SolutionConfigurationPlatforms) = preSolution
		Debug|Any CPU = Debug|Any CPU
		Debug|ARM = Debug|ARM
		Debug|x64 = Debug|x64
		Debug|x86 = Debug|x86
		Release|Any CPU = Release|Any CPU
		Release|ARM = Release|ARM
		Release|x64 = Release|x64
		Release|x86 = Release|x86
	EndGlobalSection
	GlobalSection(ProjectConfigurationPlatforms) = postSolution
		{AA8DDA4F-247F-401E-81B1-0FB2B67C4C7D}.Debug|Any CPU.ActiveCfg = Debug|Any CPU
		{AA8DDA4F-247F-401E-81B1-0FB2B67C4C7D}.Debug|Any CPU.Build.0 = Debug|Any CPU
		{AA8DDA4F-247F-401E-81B1-0FB2B67C4C7D}.Debug|ARM.ActiveCfg = Debug|ARM
		{AA8DDA4F-247F-401E-81B1-0FB2B67C4C7D}.Debug|ARM.Build.0 = Debug|ARM
		{AA8DDA4F-247F-401E-81B1-0FB2B67C4C7D}.Debug|x64.ActiveCfg = Debug|x64
		{AA8DDA4F-247F-401E-81B1-0FB2B67C4C7D}.Debug|x64.Build.0 = Debug|x64
		{AA8DDA4F-247F-401E-81B1-0FB2B67C4C7D}.Debug|x86.ActiveCfg = Debug|x86
		{AA8DDA4F-247F-401E-81B1-0FB2B67C4C7D}.Debug|x86.Build.0 = Debug|x86
		{AA8DDA4F-247F-401E-81B1-0FB2B67C4C7D}.Release|Any CPU.ActiveCfg = Release|Any CPU
		{AA8DDA4F-247F-401E-81B1-0FB2B67C4C7D}.Release|Any CPU.Build.0 = Release|Any CPU
		{AA8DDA4F-247F-401E-81B1-0FB2B67C4C7D}.Release|ARM.ActiveCfg = Release|ARM
		{AA8DDA4F-247F-401E-81B1-0FB2B67C4C7D}.Release|ARM.Build.0 = Release|ARM
		{AA8DDA4F-247F-401E-81B1-0FB2B67C4C7D}.Release|x64.ActiveCfg = Release|x64
		{AA8DDA4F-247F-401E-81B1-0FB2B67C4C7D}.Release|x64.Build.0 = Release|x64
		{AA8DDA4F-247F-401E-81B1-0FB2B67C4C7D}.Release|x86.ActiveCfg = Release|x86
		{AA8DDA4F-247F-401E-81B1-0FB2B67C4C7D}.Release|x86.Build.0 = Release|x86
		{AEA05548-AFF2-4594-A1FD-088AF891EFC1}.Debug|Any CPU.ActiveCfg = Debug|Any CPU
		{AEA05548-AFF2-4594-A1FD-088AF891EFC1}.Debug|Any CPU.Build.0 = Debug|Any CPU
		{AEA05548-AFF2-4594-A1FD-088AF891EFC1}.Debug|ARM.ActiveCfg = Debug|ARM
		{AEA05548-AFF2-4594-A1FD-088AF891EFC1}.Debug|ARM.Build.0 = Debug|ARM
		{AEA05548-AFF2-4594-A1FD-088AF891EFC1}.Debug|x64.ActiveCfg = Debug|x64
		{AEA05548-AFF2-4594-A1FD-088AF891EFC1}.Debug|x64.Build.0 = Debug|x64
		{AEA05548-AFF2-4594-A1FD-088AF891EFC1}.Debug|x86.ActiveCfg = Debug|x86
		{AEA05548-AFF2-4594-A1FD-088AF891EFC1}.Debug|x86.Build.0 = Debug|x86
		{AEA05548-AFF2-4594-A1FD-088AF891EFC1}.Release|Any CPU.ActiveCfg = Release|Any CPU
		{AEA05548-AFF2-4594-A1FD-088AF891EFC1}.Release|Any CPU.Build.0 = Release|Any CPU
		{AEA05548-AFF2-4594-A1FD-088AF891EFC1}.Release|ARM.ActiveCfg = Release|ARM
		{AEA05548-AFF2-4594-A1FD-088AF891EFC1}.Release|ARM.Build.0 = Release|ARM
		{AEA05548-AFF2-4594-A1FD-088AF891EFC1}.Release|x64.ActiveCfg = Release|x64
		{AEA05548-AFF2-4594-A1FD-088AF891EFC1}.Release|x64.Build.0 = Release|x64
		{AEA05548-AFF2-4594-A1FD-088AF891EFC1}.Release|x86.ActiveCfg = Release|x86
		{AEA05548-AFF2-4594-A1FD-088AF891EFC1}.Release|x86.Build.0 = Release|x86
		{F1A72C88-EF75-43F6-968D-127D1750AC41}.Debug|Any CPU.ActiveCfg = Debug|Any CPU
		{F1A72C88-EF75-43F6-968D-127D1750AC41}.Debug|Any CPU.Build.0 = Debug|Any CPU
		{F1A72C88-EF75-43F6-968D-127D1750AC41}.Debug|ARM.ActiveCfg = Debug|ARM
		{F1A72C88-EF75-43F6-968D-127D1750AC41}.Debug|ARM.Build.0 = Debug|ARM
		{F1A72C88-EF75-43F6-968D-127D1750AC41}.Debug|x64.ActiveCfg = Debug|x64
		{F1A72C88-EF75-43F6-968D-127D1750AC41}.Debug|x64.Build.0 = Debug|x64
		{F1A72C88-EF75-43F6-968D-127D1750AC41}.Debug|x86.ActiveCfg = Debug|x86
		{F1A72C88-EF75-43F6-968D-127D1750AC41}.Debug|x86.Build.0 = Debug|x86
		{F1A72C88-EF75-43F6-968D-127D1750AC41}.Release|Any CPU.ActiveCfg = Release|Any CPU
		{F1A72C88-EF75-43F6-968D-127D1750AC41}.Release|Any CPU.Build.0 = Release|Any CPU
		{F1A72C88-EF75-43F6-968D-127D1750AC41}.Release|ARM.ActiveCfg = Release|ARM
		{F1A72C88-EF75-43F6-968D-127D1750AC41}.Release|ARM.Build.0 = Release|ARM
		{F1A72C88-EF75-43F6-968D-127D1750AC41}.Release|x64.ActiveCfg = Release|x64
		{F1A72C88-EF75-43F6-968D-127D1750AC41}.Release|x64.Build.0 = Release|x64
		{F1A72C88-EF75-43F6-968D-127D1750AC41}.Release|x86.ActiveCfg = Release|x86
		{F1A72C88-EF75-43F6-968D-127D1750AC41}.Release|x86.Build.0 = Release|x86
		{4D445253-3BBA-455D-B324-ECE00D4FE480}.Debug|Any CPU.ActiveCfg = Debug|Win32
		{4D445253-3BBA-455D-B324-ECE00D4FE480}.Debug|ARM.ActiveCfg = Debug|ARM
		{4D445253-3BBA-455D-B324-ECE00D4FE480}.Debug|ARM.Build.0 = Debug|ARM
		{4D445253-3BBA-455D-B324-ECE00D4FE480}.Debug|x64.ActiveCfg = Debug|x64
		{4D445253-3BBA-455D-B324-ECE00D4FE480}.Debug|x64.Build.0 = Debug|x64
		{4D445253-3BBA-455D-B324-ECE00D4FE480}.Debug|x86.ActiveCfg = Debug|Win32
		{4D445253-3BBA-455D-B324-ECE00D4FE480}.Debug|x86.Build.0 = Debug|Win32
		{4D445253-3BBA-455D-B324-ECE00D4FE480}.Release|Any CPU.ActiveCfg = Release|Win32
		{4D445253-3BBA-455D-B324-ECE00D4FE480}.Release|ARM.ActiveCfg = Release|ARM
		{4D445253-3BBA-455D-B324-ECE00D4FE480}.Release|ARM.Build.0 = Release|ARM
		{4D445253-3BBA-455D-B324-ECE00D4FE480}.Release|x64.ActiveCfg = Release|x64
		{4D445253-3BBA-455D-B324-ECE00D4FE480}.Release|x64.Build.0 = Release|x64
		{4D445253-3BBA-455D-B324-ECE00D4FE480}.Release|x86.ActiveCfg = Release|Win32
		{4D445253-3BBA-455D-B324-ECE00D4FE480}.Release|x86.Build.0 = Release|Win32
		{2783A617-8E1D-40D1-9684-DFAEB8DD5406}.Debug|Any CPU.ActiveCfg = Debug|Win32
		{2783A617-8E1D-40D1-9684-DFAEB8DD5406}.Debug|ARM.ActiveCfg = Debug|ARM
		{2783A617-8E1D-40D1-9684-DFAEB8DD5406}.Debug|ARM.Build.0 = Debug|ARM
		{2783A617-8E1D-40D1-9684-DFAEB8DD5406}.Debug|x64.ActiveCfg = Debug|x64
		{2783A617-8E1D-40D1-9684-DFAEB8DD5406}.Debug|x64.Build.0 = Debug|x64
		{2783A617-8E1D-40D1-9684-DFAEB8DD5406}.Debug|x86.ActiveCfg = Debug|Win32
		{2783A617-8E1D-40D1-9684-DFAEB8DD5406}.Debug|x86.Build.0 = Debug|Win32
		{2783A617-8E1D-40D1-9684-DFAEB8DD5406}.Release|Any CPU.ActiveCfg = Release|Win32
		{2783A617-8E1D-40D1-9684-DFAEB8DD5406}.Release|ARM.ActiveCfg = Release|ARM
		{2783A617-8E1D-40D1-9684-DFAEB8DD5406}.Release|ARM.Build.0 = Release|ARM
		{2783A617-8E1D-40D1-9684-DFAEB8DD5406}.Release|x64.ActiveCfg = Release|x64
		{2783A617-8E1D-40D1-9684-DFAEB8DD5406}.Release|x64.Build.0 = Release|x64
		{2783A617-8E1D-40D1-9684-DFAEB8DD5406}.Release|x86.ActiveCfg = Release|Win32
		{2783A617-8E1D-40D1-9684-DFAEB8DD5406}.Release|x86.Build.0 = Release|Win32
		{46C8DEBE-21E9-401A-95C4-354AB2C06445}.Debug|Any CPU.ActiveCfg = Debug|Win32
		{46C8DEBE-21E9-401A-95C4-354AB2C06445}.Debug|ARM.ActiveCfg = Debug|ARM
		{46C8DEBE-21E9-401A-95C4-354AB2C06445}.Debug|ARM.Build.0 = Debug|ARM
		{46C8DEBE-21E9-401A-95C4-354AB2C06445}.Debug|x64.ActiveCfg = Debug|x64
		{46C8DEBE-21E9-401A-95C4-354AB2C06445}.Debug|x64.Build.0 = Debug|x64
		{46C8DEBE-21E9-401A-95C4-354AB2C06445}.Debug|x86.ActiveCfg = Debug|Win32
		{46C8DEBE-21E9-401A-95C4-354AB2C06445}.Debug|x86.Build.0 = Debug|Win32
		{46C8DEBE-21E9-401A-95C4-354AB2C06445}.Release|Any CPU.ActiveCfg = Release|Win32
		{46C8DEBE-21E9-401A-95C4-354AB2C06445}.Release|ARM.ActiveCfg = Release|ARM
		{46C8DEBE-21E9-401A-95C4-354AB2C06445}.Release|ARM.Build.0 = Release|ARM
		{46C8DEBE-21E9-401A-95C4-354AB2C06445}.Release|x64.ActiveCfg = Release|x64
		{46C8DEBE-21E9-401A-95C4-354AB2C06445}.Release|x64.Build.0 = Release|x64
		{46C8DEBE-21E9-401A-95C4-354AB2C06445}.Release|x86.ActiveCfg = Release|Win32
		{46C8DEBE-21E9-401A-95C4-354AB2C06445}.Release|x86.Build.0 = Release|Win32
		{76FEC2C2-EDBA-4BEC-8DCB-6253DDFDE585}.Debug|Any CPU.ActiveCfg = Debug|Any CPU
		{76FEC2C2-EDBA-4BEC-8DCB-6253DDFDE585}.Debug|Any CPU.Build.0 = Debug|Any CPU
		{76FEC2C2-EDBA-4BEC-8DCB-6253DDFDE585}.Debug|ARM.ActiveCfg = Debug|ARM
		{76FEC2C2-EDBA-4BEC-8DCB-6253DDFDE585}.Debug|ARM.Build.0 = Debug|ARM
		{76FEC2C2-EDBA-4BEC-8DCB-6253DDFDE585}.Debug|x64.ActiveCfg = Debug|x64
		{76FEC2C2-EDBA-4BEC-8DCB-6253DDFDE585}.Debug|x64.Build.0 = Debug|x64
		{76FEC2C2-EDBA-4BEC-8DCB-6253DDFDE585}.Debug|x86.ActiveCfg = Debug|x86
		{76FEC2C2-EDBA-4BEC-8DCB-6253DDFDE585}.Debug|x86.Build.0 = Debug|x86
		{76FEC2C2-EDBA-4BEC-8DCB-6253DDFDE585}.Release|Any CPU.ActiveCfg = Release|Any CPU
		{76FEC2C2-EDBA-4BEC-8DCB-6253DDFDE585}.Release|Any CPU.Build.0 = Release|Any CPU
		{76FEC2C2-EDBA-4BEC-8DCB-6253DDFDE585}.Release|ARM.ActiveCfg = Release|ARM
		{76FEC2C2-EDBA-4BEC-8DCB-6253DDFDE585}.Release|ARM.Build.0 = Release|ARM
		{76FEC2C2-EDBA-4BEC-8DCB-6253DDFDE585}.Release|x64.ActiveCfg = Release|x64
		{76FEC2C2-EDBA-4BEC-8DCB-6253DDFDE585}.Release|x64.Build.0 = Release|x64
		{76FEC2C2-EDBA-4BEC-8DCB-6253DDFDE585}.Release|x86.ActiveCfg = Release|x86
		{76FEC2C2-EDBA-4BEC-8DCB-6253DDFDE585}.Release|x86.Build.0 = Release|x86
		{44F90642-0773-4B91-840E-E8F7599CF637}.Debug|Any CPU.ActiveCfg = Debug|Win32
		{44F90642-0773-4B91-840E-E8F7599CF637}.Debug|ARM.ActiveCfg = Debug|ARM
		{44F90642-0773-4B91-840E-E8F7599CF637}.Debug|ARM.Build.0 = Debug|ARM
		{44F90642-0773-4B91-840E-E8F7599CF637}.Debug|x64.ActiveCfg = Debug|x64
		{44F90642-0773-4B91-840E-E8F7599CF637}.Debug|x64.Build.0 = Debug|x64
		{44F90642-0773-4B91-840E-E8F7599CF637}.Debug|x86.ActiveCfg = Debug|Win32
		{44F90642-0773-4B91-840E-E8F7599CF637}.Debug|x86.Build.0 = Debug|Win32
		{44F90642-0773-4B91-840E-E8F7599CF637}.Release|Any CPU.ActiveCfg = Release|Win32
		{44F90642-0773-4B91-840E-E8F7599CF637}.Release|ARM.ActiveCfg = Release|ARM
		{44F90642-0773-4B91-840E-E8F7599CF637}.Release|ARM.Build.0 = Release|ARM
		{44F90642-0773-4B91-840E-E8F7599CF637}.Release|x64.ActiveCfg = Release|x64
		{44F90642-0773-4B91-840E-E8F7599CF637}.Release|x64.Build.0 = Release|x64
		{44F90642-0773-4B91-840E-E8F7599CF637}.Release|x86.ActiveCfg = Release|Win32
		{44F90642-0773-4B91-840E-E8F7599CF637}.Release|x86.Build.0 = Release|Win32
	EndGlobalSection
	GlobalSection(SolutionProperties) = preSolution
		HideSolutionNode = FALSE
	EndGlobalSection
	GlobalSection(NestedProjects) = preSolution
		{E09CC2EE-2B3F-48F1-B094-014B1B04A47E} = {569C38B4-025E-4543-9F95-69C66B9676C6}
		{4D445253-3BBA-455D-B324-ECE00D4FE480} = {E09CC2EE-2B3F-48F1-B094-014B1B04A47E}
		{2783A617-8E1D-40D1-9684-DFAEB8DD5406} = {E09CC2EE-2B3F-48F1-B094-014B1B04A47E}
		{46C8DEBE-21E9-401A-95C4-354AB2C06445} = {E09CC2EE-2B3F-48F1-B094-014B1B04A47E}
		{76FEC2C2-EDBA-4BEC-8DCB-6253DDFDE585} = {569C38B4-025E-4543-9F95-69C66B9676C6}
	EndGlobalSection
EndGlobal
